
Microsoft Visual Studio Solution File, Format Version 12.00
# Visual Studio Version 16
VisualStudioVersion = 16.0.31515.178
MinimumVisualStudioVersion = 10.0.40219.1
Project("{FAE04EC0-301F-11D3-BF4B-00C04F79EFBC}") = "Cajero Automatico (ATM)", "Cajero Automatico (ATM)\Cajero Automatico (ATM).csproj", "{873E2D47-34A3-4F44-92C7-9B2DD8011921}"
EndProject
Global
	GlobalSection(SolutionConfigurationPlatforms) = preSolution
		Debug|Any CPU = Debug|Any CPU
		Release|Any CPU = Release|Any CPU
	EndGlobalSection
	GlobalSection(ProjectConfigurationPlatforms) = postSolution
		{873E2D47-34A3-4F44-92C7-9B2DD8011921}.Debug|Any CPU.ActiveCfg = Debug|Any CPU
		{873E2D47-34A3-4F44-92C7-9B2DD8011921}.Debug|Any CPU.Build.0 = Debug|Any CPU
		{873E2D47-34A3-4F44-92C7-9B2DD8011921}.Release|Any CPU.ActiveCfg = Release|Any CPU
		{873E2D47-34A3-4F44-92C7-9B2DD8011921}.Release|Any CPU.Build.0 = Release|Any CPU
	EndGlobalSection
	GlobalSection(SolutionProperties) = preSolution
		HideSolutionNode = FALSE
	EndGlobalSection
	GlobalSection(ExtensibilityGlobals) = postSolution
		SolutionGuid = {FEFFBBEE-A019-4188-917C-563F55E5C0E3}
	EndGlobalSection
EndGlobal
